<?xml version="1.0" encoding="utf-8"?>
<Project ToolsVersion="4.0" xmlns="http://schemas.microsoft.com/developer/msbuild/2003">
  <ItemGroup>
    <Filter Include="Source Files">
      <UniqueIdentifier>{4FC737F1-C7A5-4376-A066-2A32D752A2FF}</UniqueIdentifier>
      <Extensions>cpp;c;cc;cxx;def;odl;idl;hpj;bat;asm;asmx</Extensions>
    </Filter>
    <Filter Include="Header Files">
      <UniqueIdentifier>{93995380-89BD-4b04-88EB-625FBE52EBFB}</UniqueIdentifier>
      <Extensions>h;hpp;hxx;hm;inl;inc;xsd</Extensions>
    </Filter>
    <Filter Include="Resource Files">
      <UniqueIdentifier>{67DA6AB6-F800-4c08-8B7A-83BB121AAD01}</UniqueIdentifier>
      <Extensions>rc;ico;cur;bmp;dlg;rc2;rct;bin;rgs;gif;jpg;jpeg;jpe;resx;tiff;tif;png;wav</Extensions>
    </Filter>
  </ItemGroup>
  <ItemGroup>
    <ClCompile Include="fitnes.cpp">
      <Filter>Source Files</Filter>
    </ClCompile>
    <ClCompile Include="main.cpp">
      <Filter>Source Files</Filter>
    </ClCompile>
    <ClCompile Include="matrice.cpp">
      <Filter>Source Files</Filter>
    </ClCompile>
    <ClCompile Include="readpar.cpp">
      <Filter>Source Files</Filter>
    </ClCompile>
    <ClCompile Include="rpn.cpp">
      <Filter>Source Files</Filter>
    </ClCompile>
    <ClCompile Include="CustomAlgorithm.cpp">
      <Filter>Source Files</Filter>
    </ClCompile>
    <ClCompile Include="IntGenotypeCrxOp.cpp">
      <Filter>Source Files</Filter>
    </ClCompile>
    <ClCompile Include="IntGenotypeMutOp.cpp">
      <Filter>Source Files</Filter>
    </ClCompile>
    <ClCompile Include="IntGenotype.cpp">
      <Filter>Source Files</Filter>
    </ClCompile>
    <ClCompile Include="TreeProbabilisticInit.cpp">
      <Filter>Source Files</Filter>
    </ClCompile>
    <ClCompile Include="ProbabilisticPrimitiveGenerator.cpp">
      <Filter>Source Files</Filter>
    </ClCompile>
    <ClCompile Include="ElectoralSystem.cpp">
      <Filter>Source Files</Filter>
    </ClCompile>
    <ClCompile Include="PluralityVote.cpp">
      <Filter>Source Files</Filter>
    </ClCompile>
    <ClCompile Include="WinnerStrategy.cpp">
      <Filter>Source Files</Filter>
    </ClCompile>
    <ClCompile Include="HighestPriorityStrategy.cpp">
      <Filter>Source Files</Filter>
    </ClCompile>
    <ClCompile Include="LowestPriorityStrategy.cpp">
      <Filter>Source Files</Filter>
    </ClCompile>
    <ClCompile Include="ElectionMethodTests.cpp">
      <Filter>Source Files</Filter>
    </ClCompile>
    <ClCompile Include="ElectoralSystemUtils.cpp">
      <Filter>Source Files</Filter>
    </ClCompile>
    <ClCompile Include="MajorityVote.cpp">
      <Filter>Source Files</Filter>
    </ClCompile>
    <ClCompile Include="InstantRunoff.cpp">
      <Filter>Source Files</Filter>
    </ClCompile>
    <ClCompile Include="CoombsMethod.cpp">
      <Filter>Source Files</Filter>
    </ClCompile>
    <ClCompile Include="CondorcetMethod.cpp">
      <Filter>Source Files</Filter>
    </ClCompile>
    <ClCompile Include="BordaCount.cpp">
      <Filter>Source Files</Filter>
    </ClCompile>
    <ClCompile Include="CopelandMethod.cpp">
      <Filter>Source Files</Filter>
    </ClCompile>
    <ClCompile Include="KemenyYoungMethod.cpp">
      <Filter>Source Files</Filter>
    </ClCompile>
    <ClCompile Include="MiniMax.cpp">
      <Filter>Source Files</Filter>
    </ClCompile>
    <ClCompile Include="RankedPairs.cpp">
      <Filter>Source Files</Filter>
    </ClCompile>
    <ClCompile Include="SchulzeMethod.cpp">
      <Filter>Source Files</Filter>
    </ClCompile>
    <ClCompile Include="BaldwinMethod.cpp">
      <Filter>Source Files</Filter>
    </ClCompile>
    <ClCompile Include="BucklinVoting.cpp">
      <Filter>Source Files</Filter>
    </ClCompile>
    <ClCompile Include="ScoreVoting.cpp">
      <Filter>Source Files</Filter>
    </ClCompile>
    <ClCompile Include="ApprovalVoting.cpp">
      <Filter>Source Files</Filter>
    </ClCompile>
    <ClCompile Include="CombinedApprovalVoting.cpp">
      <Filter>Source Files</Filter>
    </ClCompile>
    <ClCompile Include="UnifiedPrimary.cpp">
      <Filter>Source Files</Filter>
    </ClCompile>
    <ClCompile Include="StarVoting.cpp">
      <Filter>Source Files</Filter>
    </ClCompile>
    <ClCompile Include="JudgementMethod.cpp">
      <Filter>Source Files</Filter>
    </ClCompile>
    <ClCompile Include="PreferentialBlockVoting.cpp">
      <Filter>Source Files</Filter>
    </ClCompile>
    <ClCompile Include="OklahomaMethod.cpp">
      <Filter>Source Files</Filter>
    </ClCompile>
    <ClCompile Include="AntiPlurality.cpp">
      <Filter>Source Files</Filter>
    </ClCompile>
    <ClCompile Include="TidemanAlternativeSmith.cpp">
      <Filter>Source Files</Filter>
    </ClCompile>
    <ClCompile Include="NansonMethod.cpp">
      <Filter>Source Files</Filter>
    </ClCompile>
    <ClCompile Include="ContigentVoting.cpp">
      <Filter>Source Files</Filter>
    </ClCompile>
    <ClCompile Include="DistributedVoting.cpp">
      <Filter>Source Files</Filter>
    </ClCompile>
    <ClCompile Include="SumMethod.cpp">
      <Filter>Source Files</Filter>
    </ClCompile>
  </ItemGroup>
  <ItemGroup>
    <ClInclude Include="check.h">
      <Filter>Header Files</Filter>
    </ClInclude>
    <ClInclude Include="fitnes.hpp">
      <Filter>Header Files</Filter>
    </ClInclude>
    <ClInclude Include="matrice.h">
      <Filter>Header Files</Filter>
    </ClInclude>
    <ClInclude Include="nodes.h">
      <Filter>Header Files</Filter>
    </ClInclude>
    <ClInclude Include="readpar.h">
      <Filter>Header Files</Filter>
    </ClInclude>
    <ClInclude Include="rpn.h">
      <Filter>Header Files</Filter>
    </ClInclude>
    <ClInclude Include="IFGT.h">
      <Filter>Header Files</Filter>
    </ClInclude>
    <ClInclude Include="IFLT.h">
      <Filter>Header Files</Filter>
    </ClInclude>
    <ClInclude Include="SQR.h">
      <Filter>Header Files</Filter>
    </ClInclude>
    <ClInclude Include="AVG.h">
      <Filter>Header Files</Filter>
    </ClInclude>
    <ClInclude Include="ABS.h">
      <Filter>Header Files</Filter>
    </ClInclude>
    <ClInclude Include="CustomAlgorithm.h">
      <Filter>Header Files</Filter>
    </ClInclude>
    <ClInclude Include="LateOperator.h">
      <Filter>Header Files</Filter>
    </ClInclude>
    <ClInclude Include="IntUniqueGenotype.h">
      <Filter>Header Files</Filter>
    </ClInclude>
    <ClInclude Include="IntUniqueGenotypeCrxOp.h">
      <Filter>Header Files</Filter>
    </ClInclude>
    <ClInclude Include="IntUniqueGenotypeMutOp.h">
      <Filter>Header Files</Filter>
    </ClInclude>
    <ClInclude Include="TreeProbabilisticInit.h">
      <Filter>Header Files</Filter>
    </ClInclude>
    <ClInclude Include="StringUtils.h">
      <Filter>Header Files</Filter>
    </ClInclude>
    <ClInclude Include="ProbabilisticPrimitiveGenerator.h">
      <Filter>Header Files</Filter>
    </ClInclude>
    <ClInclude Include="ElectoralSystem.h">
      <Filter>Header Files</Filter>
    </ClInclude>
    <ClInclude Include="PluralityVote.h">
      <Filter>Header Files</Filter>
    </ClInclude>
    <ClInclude Include="WinnerStrategy.h">
      <Filter>Header Files</Filter>
    </ClInclude>
    <ClInclude Include="HighestPriorityStrategy.h">
      <Filter>Header Files</Filter>
    </ClInclude>
    <ClInclude Include="LowestPriorityStrategy.h">
      <Filter>Header Files</Filter>
    </ClInclude>
    <ClInclude Include="ElectionMethodTests.h">
      <Filter>Header Files</Filter>
    </ClInclude>
    <ClInclude Include="ElectoralSystemUtils.h">
      <Filter>Header Files</Filter>
    </ClInclude>
    <ClInclude Include="MajorityVote.h">
      <Filter>Header Files</Filter>
    </ClInclude>
    <ClInclude Include="InstantRunoff.h">
      <Filter>Header Files</Filter>
    </ClInclude>
    <ClInclude Include="CoombsMethod.h">
      <Filter>Header Files</Filter>
    </ClInclude>
    <ClInclude Include="CondorcetMethod.h">
      <Filter>Header Files</Filter>
    </ClInclude>
    <ClInclude Include="BordaCount.h">
      <Filter>Header Files</Filter>
    </ClInclude>
    <ClInclude Include="CopelandMethod.h">
      <Filter>Header Files</Filter>
    </ClInclude>
    <ClInclude Include="KemenyYoungMethod.h">
      <Filter>Header Files</Filter>
    </ClInclude>
    <ClInclude Include="MiniMax.h">
      <Filter>Header Files</Filter>
    </ClInclude>
    <ClInclude Include="RankedPairs.h">
      <Filter>Header Files</Filter>
    </ClInclude>
    <ClInclude Include="SchulzeMethod.h">
      <Filter>Header Files</Filter>
    </ClInclude>
    <ClInclude Include="BaldwinMethod.h">
      <Filter>Header Files</Filter>
    </ClInclude>
    <ClInclude Include="BucklinVoting.h">
      <Filter>Header Files</Filter>
    </ClInclude>
    <ClInclude Include="ScoreVoting.h">
      <Filter>Header Files</Filter>
    </ClInclude>
    <ClInclude Include="ApprovalVoting.h">
      <Filter>Header Files</Filter>
    </ClInclude>
    <ClInclude Include="CombinedApprovalVoting.h">
      <Filter>Header Files</Filter>
    </ClInclude>
    <ClInclude Include="UnifiedPrimary.h">
      <Filter>Header Files</Filter>
    </ClInclude>
    <ClInclude Include="StarVoting.h">
      <Filter>Header Files</Filter>
    </ClInclude>
    <ClInclude Include="JudgementMethod.h">
      <Filter>Header Files</Filter>
    </ClInclude>
    <ClInclude Include="PreferentialBlockVoting.h">
      <Filter>Header Files</Filter>
    </ClInclude>
    <ClInclude Include="OklahomaMethod.h">
      <Filter>Header Files</Filter>
    </ClInclude>
    <ClInclude Include="AntiPlurality.h">
      <Filter>Header Files</Filter>
    </ClInclude>
    <ClInclude Include="TidemanAlternativeSmith.h">
      <Filter>Header Files</Filter>
    </ClInclude>
    <ClInclude Include="NansonMethod.h">
      <Filter>Header Files</Filter>
    </ClInclude>
    <ClInclude Include="ContigentVoting.h">
      <Filter>Header Files</Filter>
    </ClInclude>
    <ClInclude Include="DistributedVoting.h">
      <Filter>Header Files</Filter>
    </ClInclude>
    <ClInclude Include="SumMethod.h">
      <Filter>Header Files</Filter>
    </ClInclude>
  </ItemGroup>
</Project>